
Microsoft Visual Studio Solution File, Format Version 12.00
# Visual Studio Version 17
VisualStudioVersion = 17.5.33530.505
MinimumVisualStudioVersion = 10.0.40219.1
Project("{9A19103F-16F7-4668-BE54-9A1E7A4F7556}") = "SDM.WEB", "SDM.WEB\SDM.WEB.csproj", "{386F018B-0935-49C2-8893-ABC082366DD3}"
EndProject
Project("{9A19103F-16F7-4668-BE54-9A1E7A4F7556}") = "SDM.DAL", "SDM.DAL\SDM.DAL.csproj", "{DDCC28C3-6B0E-4DC4-9FA9-C16572ADE46A}"
EndProject
Project("{9A19103F-16F7-4668-BE54-9A1E7A4F7556}") = "SDM.BLL", "SDM.BLL\SDM.BLL.csproj", "{EA46BEE6-E45E-4C56-A6AD-DA23D52220D6}"
EndProject
Global
	GlobalSection(SolutionConfigurationPlatforms) = preSolution
		Debug|Any CPU = Debug|Any CPU
		Release|Any CPU = Release|Any CPU
	EndGlobalSection
	GlobalSection(ProjectConfigurationPlatforms) = postSolution
		{386F018B-0935-49C2-8893-ABC082366DD3}.Debug|Any CPU.ActiveCfg = Debug|Any CPU
		{386F018B-0935-49C2-8893-ABC082366DD3}.Debug|Any CPU.Build.0 = Debug|Any CPU
		{386F018B-0935-49C2-8893-ABC082366DD3}.Release|Any CPU.ActiveCfg = Release|Any CPU
		{386F018B-0935-49C2-8893-ABC082366DD3}.Release|Any CPU.Build.0 = Release|Any CPU
		{DDCC28C3-6B0E-4DC4-9FA9-C16572ADE46A}.Debug|Any CPU.ActiveCfg = Debug|Any CPU
		{DDCC28C3-6B0E-4DC4-9FA9-C16572ADE46A}.Debug|Any CPU.Build.0 = Debug|Any CPU
		{DDCC28C3-6B0E-4DC4-9FA9-C16572ADE46A}.Release|Any CPU.ActiveCfg = Release|Any CPU
		{DDCC28C3-6B0E-4DC4-9FA9-C16572ADE46A}.Release|Any CPU.Build.0 = Release|Any CPU
		{EA46BEE6-E45E-4C56-A6AD-DA23D52220D6}.Debug|Any CPU.ActiveCfg = Debug|Any CPU
		{EA46BEE6-E45E-4C56-A6AD-DA23D52220D6}.Debug|Any CPU.Build.0 = Debug|Any CPU
		{EA46BEE6-E45E-4C56-A6AD-DA23D52220D6}.Release|Any CPU.ActiveCfg = Release|Any CPU
		{EA46BEE6-E45E-4C56-A6AD-DA23D52220D6}.Release|Any CPU.Build.0 = Release|Any CPU
	EndGlobalSection
	GlobalSection(SolutionProperties) = preSolution
		HideSolutionNode = FALSE
	EndGlobalSection
	GlobalSection(ExtensibilityGlobals) = postSolution
		SolutionGuid = {F1952285-89C1-4EAC-A26F-1CAA9DD21B43}
	EndGlobalSection
EndGlobal
